{
  "name": "vulnerability-lookup-csv",
  "lockfileVersion": 3,
  "requires": true,
  "packages": {
    "": {
      "dependencies": {
        "from-ndjson": "1.0.4"
      }
    },
    "node_modules/from-ndjson": {
      "version": "1.0.4",
      "resolved": "https://registry.npmjs.org/from-ndjson/-/from-ndjson-1.0.4.tgz",
      "integrity": "sha512-De32O35I+Muy9fN35pnA6fXG+Ivxf9G9lfktv0C1+ooMJ20t3T6hWwmvD+ZT+REwouPC+DhZBwUWr1xXD1fTPQ==",
      "license": "MIT"
    }
  }
}
